
Microsoft Visual Studio Solution File, Format Version 11.00
# Visual Studio 2010
Project("{FAE04EC0-301F-11D3-BF4B-00C04F79EFBC}") = "Progression", "Progression\Progression.csproj", "{C912155A-F4BA-4B40-A519-BAA79652245E}"
EndProject
Project("{FAE04EC0-301F-11D3-BF4B-00C04F79EFBC}") = "Progression.Tests", "Progression.Tests\Progression.Tests.csproj", "{9AF1192C-1F8F-4CC9-9E7E-67C3D60D40A7}"
EndProject
Project("{FAE04EC0-301F-11D3-BF4B-00C04F79EFBC}") = "Progression.Demo", "Progression.Demo\Progression.Demo.csproj", "{03AD7145-9924-4807-B561-685DBBC90AC7}"
EndProject
Global
	GlobalSection(SolutionConfigurationPlatforms) = preSolution
		Debug|Any CPU = Debug|Any CPU
		Debug|Mixed Platforms = Debug|Mixed Platforms
		Debug|x86 = Debug|x86
		Release|Any CPU = Release|Any CPU
		Release|Mixed Platforms = Release|Mixed Platforms
		Release|x86 = Release|x86
	EndGlobalSection
	GlobalSection(ProjectConfigurationPlatforms) = postSolution
		{C912155A-F4BA-4B40-A519-BAA79652245E}.Debug|Any CPU.ActiveCfg = Debug|Any CPU
		{C912155A-F4BA-4B40-A519-BAA79652245E}.Debug|Any CPU.Build.0 = Debug|Any CPU
		{C912155A-F4BA-4B40-A519-BAA79652245E}.Debug|Mixed Platforms.ActiveCfg = Debug|Any CPU
		{C912155A-F4BA-4B40-A519-BAA79652245E}.Debug|Mixed Platforms.Build.0 = Debug|Any CPU
		{C912155A-F4BA-4B40-A519-BAA79652245E}.Debug|x86.ActiveCfg = Debug|Any CPU
		{C912155A-F4BA-4B40-A519-BAA79652245E}.Release|Any CPU.ActiveCfg = Release|Any CPU
		{C912155A-F4BA-4B40-A519-BAA79652245E}.Release|Any CPU.Build.0 = Release|Any CPU
		{C912155A-F4BA-4B40-A519-BAA79652245E}.Release|Mixed Platforms.ActiveCfg = Release|Any CPU
		{C912155A-F4BA-4B40-A519-BAA79652245E}.Release|Mixed Platforms.Build.0 = Release|Any CPU
		{C912155A-F4BA-4B40-A519-BAA79652245E}.Release|x86.ActiveCfg = Release|Any CPU
		{9AF1192C-1F8F-4CC9-9E7E-67C3D60D40A7}.Debug|Any CPU.ActiveCfg = Debug|x86
		{9AF1192C-1F8F-4CC9-9E7E-67C3D60D40A7}.Debug|Mixed Platforms.ActiveCfg = Debug|x86
		{9AF1192C-1F8F-4CC9-9E7E-67C3D60D40A7}.Debug|Mixed Platforms.Build.0 = Debug|x86
		{9AF1192C-1F8F-4CC9-9E7E-67C3D60D40A7}.Debug|x86.ActiveCfg = Debug|x86
		{9AF1192C-1F8F-4CC9-9E7E-67C3D60D40A7}.Debug|x86.Build.0 = Debug|x86
		{9AF1192C-1F8F-4CC9-9E7E-67C3D60D40A7}.Release|Any CPU.ActiveCfg = Release|x86
		{9AF1192C-1F8F-4CC9-9E7E-67C3D60D40A7}.Release|Mixed Platforms.ActiveCfg = Release|x86
		{9AF1192C-1F8F-4CC9-9E7E-67C3D60D40A7}.Release|Mixed Platforms.Build.0 = Release|x86
		{9AF1192C-1F8F-4CC9-9E7E-67C3D60D40A7}.Release|x86.ActiveCfg = Release|x86
		{9AF1192C-1F8F-4CC9-9E7E-67C3D60D40A7}.Release|x86.Build.0 = Release|x86
		{03AD7145-9924-4807-B561-685DBBC90AC7}.Debug|Any CPU.ActiveCfg = Debug|x86
		{03AD7145-9924-4807-B561-685DBBC90AC7}.Debug|Mixed Platforms.ActiveCfg = Debug|x86
		{03AD7145-9924-4807-B561-685DBBC90AC7}.Debug|Mixed Platforms.Build.0 = Debug|x86
		{03AD7145-9924-4807-B561-685DBBC90AC7}.Debug|x86.ActiveCfg = Debug|x86
		{03AD7145-9924-4807-B561-685DBBC90AC7}.Debug|x86.Build.0 = Debug|x86
		{03AD7145-9924-4807-B561-685DBBC90AC7}.Release|Any CPU.ActiveCfg = Release|x86
		{03AD7145-9924-4807-B561-685DBBC90AC7}.Release|Mixed Platforms.ActiveCfg = Release|x86
		{03AD7145-9924-4807-B561-685DBBC90AC7}.Release|Mixed Platforms.Build.0 = Release|x86
		{03AD7145-9924-4807-B561-685DBBC90AC7}.Release|x86.ActiveCfg = Release|x86
		{03AD7145-9924-4807-B561-685DBBC90AC7}.Release|x86.Build.0 = Release|x86
	EndGlobalSection
	GlobalSection(SolutionProperties) = preSolution
		HideSolutionNode = FALSE
	EndGlobalSection
EndGlobal
